
Microsoft Visual Studio Solution File, Format Version 12.00
Project("{F2A71F9B-5D33-465A-A702-920D77279786}") = "TextAnalyzer", "TextAnalyzer\TextAnalyzer.fsproj", "{D36DA3CD-7C9A-4D3B-A0CB-C96C35EE25DA}"
EndProject
Global
	GlobalSection(SolutionConfigurationPlatforms) = preSolution
		Debug|Any CPU = Debug|Any CPU
		Release|Any CPU = Release|Any CPU
	EndGlobalSection
	GlobalSection(ProjectConfigurationPlatforms) = postSolution
		{D36DA3CD-7C9A-4D3B-A0CB-C96C35EE25DA}.Debug|Any CPU.ActiveCfg = Debug|Any CPU
		{D36DA3CD-7C9A-4D3B-A0CB-C96C35EE25DA}.Debug|Any CPU.Build.0 = Debug|Any CPU
		{D36DA3CD-7C9A-4D3B-A0CB-C96C35EE25DA}.Release|Any CPU.ActiveCfg = Release|Any CPU
		{D36DA3CD-7C9A-4D3B-A0CB-C96C35EE25DA}.Release|Any CPU.Build.0 = Release|Any CPU
	EndGlobalSection
EndGlobal
